{
    "_meta": {
        "hash": {
            "sha256": "dcc6b6a905bca81ac16cace6a52f7c928cc98827ebd6e0b58287f7df47a60713"
        },
        "pipfile-spec": 6,
        "requires": {
            "python_version": "3.9"
        },
        "sources": [
            {
                "name": "pypi",
                "url": "https://pypi.org/simple",
                "verify_ssl": true
            }
        ]
    },
    "default": {
        "kazoo": {
            "hashes": [
                "sha256:2dc46de17efc02e0ef42a9d92f3bbabce6204bbcc0792a1d9211344d0b8a03b8",
                "sha256:588e27868e4a0ed70ae4a7a5b0f3bca4cec5e5c49dbd7e41349c0883182bf2fe"
            ],
            "index": "pypi",
            "version": "==2.8.0"
        },
        "six": {
            "hashes": [
                "sha256:1e61c37477a1626458e36f7b1d82aa5c9b094fa4802892072e49de9c60c4c926",
                "sha256:8abb2f1d86890a2dfb989f9a77cfcfd3e47c2a354b01111771326f8aa26e0254"
            ],
            "markers": "python_version >= '2.7' and python_version not in '3.0, 3.1, 3.2'",
            "version": "==1.16.0"
        }
    },
    "develop": {}
}
